
Microsoft Visual Studio Solution File, Format Version 12.00
# Visual Studio Version 17
VisualStudioVersion = 17.10.35122.118
MinimumVisualStudioVersion = 10.0.40219.1
Project("{2150E333-8FDC-42A3-9474-1A3956D46DE8}") = "90 Frontend", "90 Frontend", "{C2AC815C-25BF-4DEE-83E4-A832507028ED}"
EndProject
Project("{9A19103F-16F7-4668-BE54-9A1E7A4F7556}") = "ResilienceBlazor", "BrewApp\ResilienceBlazor\ResilienceBlazor.csproj", "{4F49A244-7CC6-4A8C-B7C4-FBA46FE55DFA}"
EndProject
Project("{9A19103F-16F7-4668-BE54-9A1E7A4F7556}") = "ResilienceBlazor.Shared", "BrewApp\ResilienceBlazor.Shared\ResilienceBlazor.Shared.csproj", "{2BC10490-9D21-4B5D-9EDB-D94352FE1E76}"
EndProject
Project("{9A19103F-16F7-4668-BE54-9A1E7A4F7556}") = "ResilienceBlazor.Modules.Sales", "BrewApp\ResilienceBlazor.Modules.Sales\ResilienceBlazor.Modules.Sales.csproj", "{94E25009-EED2-4F17-8DC1-BF773A0FFC17}"
EndProject
Project("{9A19103F-16F7-4668-BE54-9A1E7A4F7556}") = "ResilienceBlazor.Modules.Sales.Extensions", "BrewApp\ResilienceBlazor.Modules.Sales.Extensions\ResilienceBlazor.Modules.Sales.Extensions.csproj", "{BC8477E4-5383-49AF-A015-C8233E2EF4A8}"
EndProject
Project("{9A19103F-16F7-4668-BE54-9A1E7A4F7556}") = "ResilienceBlazor.Modules.Warehouses", "BrewApp\ResilienceBlazor.Modules.Warehouses\ResilienceBlazor.Modules.Warehouses.csproj", "{C103FE09-A436-4C3D-8312-4CA0723A012E}"
EndProject
Project("{9A19103F-16F7-4668-BE54-9A1E7A4F7556}") = "ResilienceBlazor.Modules.Warehouses.Extensions", "BrewApp\ResilienceBlazor.Modules.Warehouses.Extensions\ResilienceBlazor.Modules.Warehouses.Extensions.csproj", "{4411022F-6353-4E74-8E51-3B9DE16D5C1E}"
EndProject
Project("{2150E333-8FDC-42A3-9474-1A3956D46DE8}") = "60 Modules", "60 Modules", "{C3005A1D-52DB-472D-8D17-780D478806FB}"
EndProject
Project("{2150E333-8FDC-42A3-9474-1A3956D46DE8}") = "Sales", "Sales", "{6FCE0D6C-9F73-4E28-8EAB-825AE12D6131}"
EndProject
Project("{2150E333-8FDC-42A3-9474-1A3956D46DE8}") = "Warehouses", "Warehouses", "{1DA0C2DE-4A09-4CCE-BF9E-D6FDAD04C061}"
EndProject
Project("{2150E333-8FDC-42A3-9474-1A3956D46DE8}") = "80 Backend", "80 Backend", "{45653A9F-E11B-4176-8636-5CBD9DAB7AA7}"
EndProject
Project("{2150E333-8FDC-42A3-9474-1A3956D46DE8}") = "Sales", "Sales", "{E5190A81-3F34-46D6-94D4-D777C440D1B9}"
	ProjectSection(SolutionItems) = preProject
		..\Sales\BrewUp.Sales.Domain\BrewUp.Sales.Domain.csproj = ..\Sales\BrewUp.Sales.Domain\BrewUp.Sales.Domain.csproj
	EndProjectSection
EndProject
Project("{2150E333-8FDC-42A3-9474-1A3956D46DE8}") = "Warehouses", "Warehouses", "{7F3255F0-1AA5-4CF8-836A-049920B53DC6}"
EndProject
Project("{9A19103F-16F7-4668-BE54-9A1E7A4F7556}") = "BrewUp.Sales.Rest", "Sales\BrewUp.Sales.Rest\BrewUp.Sales.Rest.csproj", "{6EB0D01B-A7C1-46BB-BA71-CDE13F3C514F}"
EndProject
Project("{9A19103F-16F7-4668-BE54-9A1E7A4F7556}") = "BrewUp.Sales.SharedKernel", "Sales\BrewUp.Sales.SharedKernel\BrewUp.Sales.SharedKernel.csproj", "{ADEB2448-F609-41D7-9824-E2B2A91C1505}"
EndProject
Project("{9A19103F-16F7-4668-BE54-9A1E7A4F7556}") = "BrewUp.Shared", "Sales\BrewUp.Shared\BrewUp.Shared.csproj", "{D6385494-114F-43D3-94E1-816B8FE5B596}"
EndProject
Project("{9A19103F-16F7-4668-BE54-9A1E7A4F7556}") = "BrewUp.Sales.Acl", "Sales\BrewUp.Sales.Acl\BrewUp.Sales.Acl.csproj", "{82E9BE74-E699-479A-B58B-981034025A61}"
EndProject
Project("{9A19103F-16F7-4668-BE54-9A1E7A4F7556}") = "BrewUp.Sales.Domain.Tests", "Sales\BrewUp.Sales.Domain.Tests\BrewUp.Sales.Domain.Tests.csproj", "{AA72527F-F3E2-4A92-B164-D7D1B357BE8E}"
EndProject
Project("{9A19103F-16F7-4668-BE54-9A1E7A4F7556}") = "BrewUp.Sales.Facade", "Sales\BrewUp.Sales.Facade\BrewUp.Sales.Facade.csproj", "{2689B9C5-569D-482C-B4D9-4A4C300B5C71}"
EndProject
Project("{9A19103F-16F7-4668-BE54-9A1E7A4F7556}") = "BrewUp.Sales.Infrastructures", "Sales\BrewUp.Sales.Infrastructures\BrewUp.Sales.Infrastructures.csproj", "{35B8EA50-EF4D-4D46-93D0-4FBD27E9A457}"
EndProject
Project("{9A19103F-16F7-4668-BE54-9A1E7A4F7556}") = "BrewUp.Sales.ReadModel", "Sales\BrewUp.Sales.ReadModel\BrewUp.Sales.ReadModel.csproj", "{CF8F0ACD-9EB6-4BB8-8236-BA57444E089B}"
EndProject
Project("{9A19103F-16F7-4668-BE54-9A1E7A4F7556}") = "BrewUp.Sales.Domain", "Sales\BrewUp.Sales.Domain\BrewUp.Sales.Domain.csproj", "{97256B73-D052-412E-848E-8E67EEF2231E}"
EndProject
Project("{9A19103F-16F7-4668-BE54-9A1E7A4F7556}") = "BrewUp.Warehouses.Acl", "Warehouses\BrewUp.Warehouses.Acl\BrewUp.Warehouses.Acl.csproj", "{EF8B77E9-E99E-4F21-B578-3293049B985F}"
EndProject
Project("{9A19103F-16F7-4668-BE54-9A1E7A4F7556}") = "BrewUp.Warehouses.Domain", "Warehouses\BrewUp.Warehouses.Domain\BrewUp.Warehouses.Domain.csproj", "{B53D50A8-6BF3-458A-8219-9F5417212E24}"
EndProject
Project("{9A19103F-16F7-4668-BE54-9A1E7A4F7556}") = "BrewUp.Warehouses.Domain.Tests", "Warehouses\BrewUp.Warehouses.Domain.Tests\BrewUp.Warehouses.Domain.Tests.csproj", "{39320956-AB7E-4A41-B2D4-0802C3287DBB}"
EndProject
Project("{9A19103F-16F7-4668-BE54-9A1E7A4F7556}") = "BrewUp.Warehouses.Facade", "Warehouses\BrewUp.Warehouses.Facade\BrewUp.Warehouses.Facade.csproj", "{6282C3CC-A4FC-4A95-A9F6-193E0D9E7522}"
EndProject
Project("{9A19103F-16F7-4668-BE54-9A1E7A4F7556}") = "BrewUp.Warehouses.Infrastructures", "Warehouses\BrewUp.Warehouses.Infrastructures\BrewUp.Warehouses.Infrastructures.csproj", "{740FF11F-57D4-4E7C-BC97-9E148B69519A}"
EndProject
Project("{9A19103F-16F7-4668-BE54-9A1E7A4F7556}") = "BrewUp.Warehouses.ReadModel", "Warehouses\BrewUp.Warehouses.ReadModel\BrewUp.Warehouses.ReadModel.csproj", "{1991F781-0967-4098-9E71-5908D9C23224}"
EndProject
Project("{9A19103F-16F7-4668-BE54-9A1E7A4F7556}") = "BrewUp.Warehouses.Rest", "Warehouses\BrewUp.Warehouses.Rest\BrewUp.Warehouses.Rest.csproj", "{AF3A2142-5FD4-41DD-A7CC-5EAD5CB0927D}"
EndProject
Project("{9A19103F-16F7-4668-BE54-9A1E7A4F7556}") = "BrewUp.Warehouses.Shared", "Warehouses\BrewUp.Warehouses.Shared\BrewUp.Warehouses.Shared.csproj", "{D540AE71-9162-492F-89EF-D30EA3DF8214}"
EndProject
Project("{9A19103F-16F7-4668-BE54-9A1E7A4F7556}") = "BrewUp.Warehouses.SharedKernel", "Warehouses\BrewUp.Warehouses.SharedKernel\BrewUp.Warehouses.SharedKernel.csproj", "{BBD4A8F1-2679-4A76-B741-2C7412F3C6EB}"
EndProject
Project("{FAE04EC0-301F-11D3-BF4B-00C04F79EFBC}") = "BrewUpAspire.AppHost", "BrewUpAspire\BrewUpAspire.AppHost\BrewUpAspire.AppHost.csproj", "{B8E58A67-1CA1-4AC9-92DE-93D340EF8825}"
EndProject
Project("{9A19103F-16F7-4668-BE54-9A1E7A4F7556}") = "BrewUpAspire.ServiceDefaults", "BrewUpAspire\BrewUpAspire.ServiceDefaults\BrewUpAspire.ServiceDefaults.csproj", "{8BA852D6-546F-404E-BDD7-1E8CC8C4196E}"
EndProject
Global
	GlobalSection(SolutionConfigurationPlatforms) = preSolution
		Debug|Any CPU = Debug|Any CPU
		Release|Any CPU = Release|Any CPU
	EndGlobalSection
	GlobalSection(ProjectConfigurationPlatforms) = postSolution
		{4F49A244-7CC6-4A8C-B7C4-FBA46FE55DFA}.Debug|Any CPU.ActiveCfg = Debug|Any CPU
		{4F49A244-7CC6-4A8C-B7C4-FBA46FE55DFA}.Debug|Any CPU.Build.0 = Debug|Any CPU
		{4F49A244-7CC6-4A8C-B7C4-FBA46FE55DFA}.Release|Any CPU.ActiveCfg = Release|Any CPU
		{4F49A244-7CC6-4A8C-B7C4-FBA46FE55DFA}.Release|Any CPU.Build.0 = Release|Any CPU
		{2BC10490-9D21-4B5D-9EDB-D94352FE1E76}.Debug|Any CPU.ActiveCfg = Debug|Any CPU
		{2BC10490-9D21-4B5D-9EDB-D94352FE1E76}.Debug|Any CPU.Build.0 = Debug|Any CPU
		{2BC10490-9D21-4B5D-9EDB-D94352FE1E76}.Release|Any CPU.ActiveCfg = Release|Any CPU
		{2BC10490-9D21-4B5D-9EDB-D94352FE1E76}.Release|Any CPU.Build.0 = Release|Any CPU
		{94E25009-EED2-4F17-8DC1-BF773A0FFC17}.Debug|Any CPU.ActiveCfg = Debug|Any CPU
		{94E25009-EED2-4F17-8DC1-BF773A0FFC17}.Debug|Any CPU.Build.0 = Debug|Any CPU
		{94E25009-EED2-4F17-8DC1-BF773A0FFC17}.Release|Any CPU.ActiveCfg = Release|Any CPU
		{94E25009-EED2-4F17-8DC1-BF773A0FFC17}.Release|Any CPU.Build.0 = Release|Any CPU
		{BC8477E4-5383-49AF-A015-C8233E2EF4A8}.Debug|Any CPU.ActiveCfg = Debug|Any CPU
		{BC8477E4-5383-49AF-A015-C8233E2EF4A8}.Debug|Any CPU.Build.0 = Debug|Any CPU
		{BC8477E4-5383-49AF-A015-C8233E2EF4A8}.Release|Any CPU.ActiveCfg = Release|Any CPU
		{BC8477E4-5383-49AF-A015-C8233E2EF4A8}.Release|Any CPU.Build.0 = Release|Any CPU
		{C103FE09-A436-4C3D-8312-4CA0723A012E}.Debug|Any CPU.ActiveCfg = Debug|Any CPU
		{C103FE09-A436-4C3D-8312-4CA0723A012E}.Debug|Any CPU.Build.0 = Debug|Any CPU
		{C103FE09-A436-4C3D-8312-4CA0723A012E}.Release|Any CPU.ActiveCfg = Release|Any CPU
		{C103FE09-A436-4C3D-8312-4CA0723A012E}.Release|Any CPU.Build.0 = Release|Any CPU
		{4411022F-6353-4E74-8E51-3B9DE16D5C1E}.Debug|Any CPU.ActiveCfg = Debug|Any CPU
		{4411022F-6353-4E74-8E51-3B9DE16D5C1E}.Debug|Any CPU.Build.0 = Debug|Any CPU
		{4411022F-6353-4E74-8E51-3B9DE16D5C1E}.Release|Any CPU.ActiveCfg = Release|Any CPU
		{4411022F-6353-4E74-8E51-3B9DE16D5C1E}.Release|Any CPU.Build.0 = Release|Any CPU
		{6EB0D01B-A7C1-46BB-BA71-CDE13F3C514F}.Debug|Any CPU.ActiveCfg = Debug|Any CPU
		{6EB0D01B-A7C1-46BB-BA71-CDE13F3C514F}.Debug|Any CPU.Build.0 = Debug|Any CPU
		{6EB0D01B-A7C1-46BB-BA71-CDE13F3C514F}.Release|Any CPU.ActiveCfg = Release|Any CPU
		{6EB0D01B-A7C1-46BB-BA71-CDE13F3C514F}.Release|Any CPU.Build.0 = Release|Any CPU
		{ADEB2448-F609-41D7-9824-E2B2A91C1505}.Debug|Any CPU.ActiveCfg = Debug|Any CPU
		{ADEB2448-F609-41D7-9824-E2B2A91C1505}.Debug|Any CPU.Build.0 = Debug|Any CPU
		{ADEB2448-F609-41D7-9824-E2B2A91C1505}.Release|Any CPU.ActiveCfg = Release|Any CPU
		{ADEB2448-F609-41D7-9824-E2B2A91C1505}.Release|Any CPU.Build.0 = Release|Any CPU
		{D6385494-114F-43D3-94E1-816B8FE5B596}.Debug|Any CPU.ActiveCfg = Debug|Any CPU
		{D6385494-114F-43D3-94E1-816B8FE5B596}.Debug|Any CPU.Build.0 = Debug|Any CPU
		{D6385494-114F-43D3-94E1-816B8FE5B596}.Release|Any CPU.ActiveCfg = Release|Any CPU
		{D6385494-114F-43D3-94E1-816B8FE5B596}.Release|Any CPU.Build.0 = Release|Any CPU
		{82E9BE74-E699-479A-B58B-981034025A61}.Debug|Any CPU.ActiveCfg = Debug|Any CPU
		{82E9BE74-E699-479A-B58B-981034025A61}.Debug|Any CPU.Build.0 = Debug|Any CPU
		{82E9BE74-E699-479A-B58B-981034025A61}.Release|Any CPU.ActiveCfg = Release|Any CPU
		{82E9BE74-E699-479A-B58B-981034025A61}.Release|Any CPU.Build.0 = Release|Any CPU
		{AA72527F-F3E2-4A92-B164-D7D1B357BE8E}.Debug|Any CPU.ActiveCfg = Debug|Any CPU
		{AA72527F-F3E2-4A92-B164-D7D1B357BE8E}.Debug|Any CPU.Build.0 = Debug|Any CPU
		{AA72527F-F3E2-4A92-B164-D7D1B357BE8E}.Release|Any CPU.ActiveCfg = Release|Any CPU
		{AA72527F-F3E2-4A92-B164-D7D1B357BE8E}.Release|Any CPU.Build.0 = Release|Any CPU
		{2689B9C5-569D-482C-B4D9-4A4C300B5C71}.Debug|Any CPU.ActiveCfg = Debug|Any CPU
		{2689B9C5-569D-482C-B4D9-4A4C300B5C71}.Debug|Any CPU.Build.0 = Debug|Any CPU
		{2689B9C5-569D-482C-B4D9-4A4C300B5C71}.Release|Any CPU.ActiveCfg = Release|Any CPU
		{2689B9C5-569D-482C-B4D9-4A4C300B5C71}.Release|Any CPU.Build.0 = Release|Any CPU
		{35B8EA50-EF4D-4D46-93D0-4FBD27E9A457}.Debug|Any CPU.ActiveCfg = Debug|Any CPU
		{35B8EA50-EF4D-4D46-93D0-4FBD27E9A457}.Debug|Any CPU.Build.0 = Debug|Any CPU
		{35B8EA50-EF4D-4D46-93D0-4FBD27E9A457}.Release|Any CPU.ActiveCfg = Release|Any CPU
		{35B8EA50-EF4D-4D46-93D0-4FBD27E9A457}.Release|Any CPU.Build.0 = Release|Any CPU
		{CF8F0ACD-9EB6-4BB8-8236-BA57444E089B}.Debug|Any CPU.ActiveCfg = Debug|Any CPU
		{CF8F0ACD-9EB6-4BB8-8236-BA57444E089B}.Debug|Any CPU.Build.0 = Debug|Any CPU
		{CF8F0ACD-9EB6-4BB8-8236-BA57444E089B}.Release|Any CPU.ActiveCfg = Release|Any CPU
		{CF8F0ACD-9EB6-4BB8-8236-BA57444E089B}.Release|Any CPU.Build.0 = Release|Any CPU
		{97256B73-D052-412E-848E-8E67EEF2231E}.Debug|Any CPU.ActiveCfg = Debug|Any CPU
		{97256B73-D052-412E-848E-8E67EEF2231E}.Debug|Any CPU.Build.0 = Debug|Any CPU
		{97256B73-D052-412E-848E-8E67EEF2231E}.Release|Any CPU.ActiveCfg = Release|Any CPU
		{97256B73-D052-412E-848E-8E67EEF2231E}.Release|Any CPU.Build.0 = Release|Any CPU
		{EF8B77E9-E99E-4F21-B578-3293049B985F}.Debug|Any CPU.ActiveCfg = Debug|Any CPU
		{EF8B77E9-E99E-4F21-B578-3293049B985F}.Debug|Any CPU.Build.0 = Debug|Any CPU
		{EF8B77E9-E99E-4F21-B578-3293049B985F}.Release|Any CPU.ActiveCfg = Release|Any CPU
		{EF8B77E9-E99E-4F21-B578-3293049B985F}.Release|Any CPU.Build.0 = Release|Any CPU
		{B53D50A8-6BF3-458A-8219-9F5417212E24}.Debug|Any CPU.ActiveCfg = Debug|Any CPU
		{B53D50A8-6BF3-458A-8219-9F5417212E24}.Debug|Any CPU.Build.0 = Debug|Any CPU
		{B53D50A8-6BF3-458A-8219-9F5417212E24}.Release|Any CPU.ActiveCfg = Release|Any CPU
		{B53D50A8-6BF3-458A-8219-9F5417212E24}.Release|Any CPU.Build.0 = Release|Any CPU
		{39320956-AB7E-4A41-B2D4-0802C3287DBB}.Debug|Any CPU.ActiveCfg = Debug|Any CPU
		{39320956-AB7E-4A41-B2D4-0802C3287DBB}.Debug|Any CPU.Build.0 = Debug|Any CPU
		{39320956-AB7E-4A41-B2D4-0802C3287DBB}.Release|Any CPU.ActiveCfg = Release|Any CPU
		{39320956-AB7E-4A41-B2D4-0802C3287DBB}.Release|Any CPU.Build.0 = Release|Any CPU
		{6282C3CC-A4FC-4A95-A9F6-193E0D9E7522}.Debug|Any CPU.ActiveCfg = Debug|Any CPU
		{6282C3CC-A4FC-4A95-A9F6-193E0D9E7522}.Debug|Any CPU.Build.0 = Debug|Any CPU
		{6282C3CC-A4FC-4A95-A9F6-193E0D9E7522}.Release|Any CPU.ActiveCfg = Release|Any CPU
		{6282C3CC-A4FC-4A95-A9F6-193E0D9E7522}.Release|Any CPU.Build.0 = Release|Any CPU
		{740FF11F-57D4-4E7C-BC97-9E148B69519A}.Debug|Any CPU.ActiveCfg = Debug|Any CPU
		{740FF11F-57D4-4E7C-BC97-9E148B69519A}.Debug|Any CPU.Build.0 = Debug|Any CPU
		{740FF11F-57D4-4E7C-BC97-9E148B69519A}.Release|Any CPU.ActiveCfg = Release|Any CPU
		{740FF11F-57D4-4E7C-BC97-9E148B69519A}.Release|Any CPU.Build.0 = Release|Any CPU
		{1991F781-0967-4098-9E71-5908D9C23224}.Debug|Any CPU.ActiveCfg = Debug|Any CPU
		{1991F781-0967-4098-9E71-5908D9C23224}.Debug|Any CPU.Build.0 = Debug|Any CPU
		{1991F781-0967-4098-9E71-5908D9C23224}.Release|Any CPU.ActiveCfg = Release|Any CPU
		{1991F781-0967-4098-9E71-5908D9C23224}.Release|Any CPU.Build.0 = Release|Any CPU
		{AF3A2142-5FD4-41DD-A7CC-5EAD5CB0927D}.Debug|Any CPU.ActiveCfg = Debug|Any CPU
		{AF3A2142-5FD4-41DD-A7CC-5EAD5CB0927D}.Debug|Any CPU.Build.0 = Debug|Any CPU
		{AF3A2142-5FD4-41DD-A7CC-5EAD5CB0927D}.Release|Any CPU.ActiveCfg = Release|Any CPU
		{AF3A2142-5FD4-41DD-A7CC-5EAD5CB0927D}.Release|Any CPU.Build.0 = Release|Any CPU
		{D540AE71-9162-492F-89EF-D30EA3DF8214}.Debug|Any CPU.ActiveCfg = Debug|Any CPU
		{D540AE71-9162-492F-89EF-D30EA3DF8214}.Debug|Any CPU.Build.0 = Debug|Any CPU
		{D540AE71-9162-492F-89EF-D30EA3DF8214}.Release|Any CPU.ActiveCfg = Release|Any CPU
		{D540AE71-9162-492F-89EF-D30EA3DF8214}.Release|Any CPU.Build.0 = Release|Any CPU
		{BBD4A8F1-2679-4A76-B741-2C7412F3C6EB}.Debug|Any CPU.ActiveCfg = Debug|Any CPU
		{BBD4A8F1-2679-4A76-B741-2C7412F3C6EB}.Debug|Any CPU.Build.0 = Debug|Any CPU
		{BBD4A8F1-2679-4A76-B741-2C7412F3C6EB}.Release|Any CPU.ActiveCfg = Release|Any CPU
		{BBD4A8F1-2679-4A76-B741-2C7412F3C6EB}.Release|Any CPU.Build.0 = Release|Any CPU
		{B8E58A67-1CA1-4AC9-92DE-93D340EF8825}.Debug|Any CPU.ActiveCfg = Debug|Any CPU
		{B8E58A67-1CA1-4AC9-92DE-93D340EF8825}.Debug|Any CPU.Build.0 = Debug|Any CPU
		{B8E58A67-1CA1-4AC9-92DE-93D340EF8825}.Release|Any CPU.ActiveCfg = Release|Any CPU
		{B8E58A67-1CA1-4AC9-92DE-93D340EF8825}.Release|Any CPU.Build.0 = Release|Any CPU
		{8BA852D6-546F-404E-BDD7-1E8CC8C4196E}.Debug|Any CPU.ActiveCfg = Debug|Any CPU
		{8BA852D6-546F-404E-BDD7-1E8CC8C4196E}.Debug|Any CPU.Build.0 = Debug|Any CPU
		{8BA852D6-546F-404E-BDD7-1E8CC8C4196E}.Release|Any CPU.ActiveCfg = Release|Any CPU
		{8BA852D6-546F-404E-BDD7-1E8CC8C4196E}.Release|Any CPU.Build.0 = Release|Any CPU
	EndGlobalSection
	GlobalSection(SolutionProperties) = preSolution
		HideSolutionNode = FALSE
	EndGlobalSection
	GlobalSection(NestedProjects) = preSolution
		{4F49A244-7CC6-4A8C-B7C4-FBA46FE55DFA} = {C2AC815C-25BF-4DEE-83E4-A832507028ED}
		{2BC10490-9D21-4B5D-9EDB-D94352FE1E76} = {C2AC815C-25BF-4DEE-83E4-A832507028ED}
		{94E25009-EED2-4F17-8DC1-BF773A0FFC17} = {6FCE0D6C-9F73-4E28-8EAB-825AE12D6131}
		{BC8477E4-5383-49AF-A015-C8233E2EF4A8} = {6FCE0D6C-9F73-4E28-8EAB-825AE12D6131}
		{C103FE09-A436-4C3D-8312-4CA0723A012E} = {1DA0C2DE-4A09-4CCE-BF9E-D6FDAD04C061}
		{4411022F-6353-4E74-8E51-3B9DE16D5C1E} = {1DA0C2DE-4A09-4CCE-BF9E-D6FDAD04C061}
		{C3005A1D-52DB-472D-8D17-780D478806FB} = {C2AC815C-25BF-4DEE-83E4-A832507028ED}
		{6FCE0D6C-9F73-4E28-8EAB-825AE12D6131} = {C3005A1D-52DB-472D-8D17-780D478806FB}
		{1DA0C2DE-4A09-4CCE-BF9E-D6FDAD04C061} = {C3005A1D-52DB-472D-8D17-780D478806FB}
		{E5190A81-3F34-46D6-94D4-D777C440D1B9} = {45653A9F-E11B-4176-8636-5CBD9DAB7AA7}
		{7F3255F0-1AA5-4CF8-836A-049920B53DC6} = {45653A9F-E11B-4176-8636-5CBD9DAB7AA7}
		{6EB0D01B-A7C1-46BB-BA71-CDE13F3C514F} = {E5190A81-3F34-46D6-94D4-D777C440D1B9}
		{ADEB2448-F609-41D7-9824-E2B2A91C1505} = {E5190A81-3F34-46D6-94D4-D777C440D1B9}
		{D6385494-114F-43D3-94E1-816B8FE5B596} = {E5190A81-3F34-46D6-94D4-D777C440D1B9}
		{82E9BE74-E699-479A-B58B-981034025A61} = {E5190A81-3F34-46D6-94D4-D777C440D1B9}
		{AA72527F-F3E2-4A92-B164-D7D1B357BE8E} = {E5190A81-3F34-46D6-94D4-D777C440D1B9}
		{2689B9C5-569D-482C-B4D9-4A4C300B5C71} = {E5190A81-3F34-46D6-94D4-D777C440D1B9}
		{35B8EA50-EF4D-4D46-93D0-4FBD27E9A457} = {E5190A81-3F34-46D6-94D4-D777C440D1B9}
		{CF8F0ACD-9EB6-4BB8-8236-BA57444E089B} = {E5190A81-3F34-46D6-94D4-D777C440D1B9}
		{97256B73-D052-412E-848E-8E67EEF2231E} = {E5190A81-3F34-46D6-94D4-D777C440D1B9}
		{EF8B77E9-E99E-4F21-B578-3293049B985F} = {7F3255F0-1AA5-4CF8-836A-049920B53DC6}
		{B53D50A8-6BF3-458A-8219-9F5417212E24} = {7F3255F0-1AA5-4CF8-836A-049920B53DC6}
		{39320956-AB7E-4A41-B2D4-0802C3287DBB} = {7F3255F0-1AA5-4CF8-836A-049920B53DC6}
		{6282C3CC-A4FC-4A95-A9F6-193E0D9E7522} = {7F3255F0-1AA5-4CF8-836A-049920B53DC6}
		{740FF11F-57D4-4E7C-BC97-9E148B69519A} = {7F3255F0-1AA5-4CF8-836A-049920B53DC6}
		{1991F781-0967-4098-9E71-5908D9C23224} = {7F3255F0-1AA5-4CF8-836A-049920B53DC6}
		{AF3A2142-5FD4-41DD-A7CC-5EAD5CB0927D} = {7F3255F0-1AA5-4CF8-836A-049920B53DC6}
		{D540AE71-9162-492F-89EF-D30EA3DF8214} = {7F3255F0-1AA5-4CF8-836A-049920B53DC6}
		{BBD4A8F1-2679-4A76-B741-2C7412F3C6EB} = {7F3255F0-1AA5-4CF8-836A-049920B53DC6}
	EndGlobalSection
	GlobalSection(ExtensibilityGlobals) = postSolution
		SolutionGuid = {FDFABF2E-8F47-40D6-9906-4F4EB989CD82}
	EndGlobalSection
EndGlobal
