
Microsoft Visual Studio Solution File, Format Version 12.00
# Visual Studio Version 17
VisualStudioVersion = 17.11.35219.272
MinimumVisualStudioVersion = 10.0.40219.1
Project("{2150E333-8FDC-42A3-9474-1A3956D46DE8}") = "Backend", "Backend", "{6FA536DF-0550-4A99-8994-9BC6E578351F}"
EndProject
Project("{2150E333-8FDC-42A3-9474-1A3956D46DE8}") = "Frontend", "Frontend", "{D5866898-83A2-4956-BEAF-4D65D9E90DD1}"
EndProject
Project("{9A19103F-16F7-4668-BE54-9A1E7A4F7556}") = "BrewUp.Sales", "Backend\BrewUp.Sales\BrewUp.Sales.csproj", "{42D5CD8A-58B8-4AAD-A940-4D878326248D}"
EndProject
Project("{9A19103F-16F7-4668-BE54-9A1E7A4F7556}") = "BrewUp.Shared", "BrewUp.Shared\BrewUp.Shared.csproj", "{7FF84EE5-3F7F-442E-AEB9-1CAE9C8D3499}"
EndProject
Project("{9A19103F-16F7-4668-BE54-9A1E7A4F7556}") = "ResilienceBlazor", "Frontend\ResilienceBlazor\ResilienceBlazor.csproj", "{1603E4AA-2D40-45D7-8BFC-F51B7D2D2A94}"
EndProject
Project("{9A19103F-16F7-4668-BE54-9A1E7A4F7556}") = "ResilienceBlazor.Modules.Sales", "Frontend\ResilienceBlazor.Modules.Sales\ResilienceBlazor.Modules.Sales.csproj", "{4ED4013D-62E5-4F31-8213-542635F43B63}"
EndProject
Project("{9A19103F-16F7-4668-BE54-9A1E7A4F7556}") = "ResilienceBlazor.Modules.Sales.Extensions", "Frontend\ResilienceBlazor.Modules.Sales.Extensions\ResilienceBlazor.Modules.Sales.Extensions.csproj", "{94BBAFC0-E1FD-48DC-9925-BFDC7022BA7F}"
EndProject
Project("{9A19103F-16F7-4668-BE54-9A1E7A4F7556}") = "ResilienceBlazor.Shared", "Frontend\ResilienceBlazor.Shared\ResilienceBlazor.Shared.csproj", "{A6B4055C-16A0-4D8E-8484-D4CF0FEC7B15}"
EndProject
Project("{FAE04EC0-301F-11D3-BF4B-00C04F79EFBC}") = "BrewUpAspire.AppHost", "BrewUpAspire.AppHost\BrewUpAspire.AppHost.csproj", "{0DA03B43-17C8-47E7-ACDF-EE31557FF50C}"
EndProject
Project("{9A19103F-16F7-4668-BE54-9A1E7A4F7556}") = "BrewUpAspire.ServiceDefaults", "BrewUpAspire.ServiceDefaults\BrewUpAspire.ServiceDefaults.csproj", "{C4A53D7D-51AB-4DF1-8D6F-E64FA4240BF5}"
EndProject
Global
	GlobalSection(SolutionConfigurationPlatforms) = preSolution
		Debug|Any CPU = Debug|Any CPU
		Release|Any CPU = Release|Any CPU
	EndGlobalSection
	GlobalSection(ProjectConfigurationPlatforms) = postSolution
		{42D5CD8A-58B8-4AAD-A940-4D878326248D}.Debug|Any CPU.ActiveCfg = Debug|Any CPU
		{42D5CD8A-58B8-4AAD-A940-4D878326248D}.Debug|Any CPU.Build.0 = Debug|Any CPU
		{42D5CD8A-58B8-4AAD-A940-4D878326248D}.Release|Any CPU.ActiveCfg = Release|Any CPU
		{42D5CD8A-58B8-4AAD-A940-4D878326248D}.Release|Any CPU.Build.0 = Release|Any CPU
		{7FF84EE5-3F7F-442E-AEB9-1CAE9C8D3499}.Debug|Any CPU.ActiveCfg = Debug|Any CPU
		{7FF84EE5-3F7F-442E-AEB9-1CAE9C8D3499}.Debug|Any CPU.Build.0 = Debug|Any CPU
		{7FF84EE5-3F7F-442E-AEB9-1CAE9C8D3499}.Release|Any CPU.ActiveCfg = Release|Any CPU
		{7FF84EE5-3F7F-442E-AEB9-1CAE9C8D3499}.Release|Any CPU.Build.0 = Release|Any CPU
		{1603E4AA-2D40-45D7-8BFC-F51B7D2D2A94}.Debug|Any CPU.ActiveCfg = Debug|Any CPU
		{1603E4AA-2D40-45D7-8BFC-F51B7D2D2A94}.Debug|Any CPU.Build.0 = Debug|Any CPU
		{1603E4AA-2D40-45D7-8BFC-F51B7D2D2A94}.Release|Any CPU.ActiveCfg = Release|Any CPU
		{1603E4AA-2D40-45D7-8BFC-F51B7D2D2A94}.Release|Any CPU.Build.0 = Release|Any CPU
		{4ED4013D-62E5-4F31-8213-542635F43B63}.Debug|Any CPU.ActiveCfg = Debug|Any CPU
		{4ED4013D-62E5-4F31-8213-542635F43B63}.Debug|Any CPU.Build.0 = Debug|Any CPU
		{4ED4013D-62E5-4F31-8213-542635F43B63}.Release|Any CPU.ActiveCfg = Release|Any CPU
		{4ED4013D-62E5-4F31-8213-542635F43B63}.Release|Any CPU.Build.0 = Release|Any CPU
		{94BBAFC0-E1FD-48DC-9925-BFDC7022BA7F}.Debug|Any CPU.ActiveCfg = Debug|Any CPU
		{94BBAFC0-E1FD-48DC-9925-BFDC7022BA7F}.Debug|Any CPU.Build.0 = Debug|Any CPU
		{94BBAFC0-E1FD-48DC-9925-BFDC7022BA7F}.Release|Any CPU.ActiveCfg = Release|Any CPU
		{94BBAFC0-E1FD-48DC-9925-BFDC7022BA7F}.Release|Any CPU.Build.0 = Release|Any CPU
		{A6B4055C-16A0-4D8E-8484-D4CF0FEC7B15}.Debug|Any CPU.ActiveCfg = Debug|Any CPU
		{A6B4055C-16A0-4D8E-8484-D4CF0FEC7B15}.Debug|Any CPU.Build.0 = Debug|Any CPU
		{A6B4055C-16A0-4D8E-8484-D4CF0FEC7B15}.Release|Any CPU.ActiveCfg = Release|Any CPU
		{A6B4055C-16A0-4D8E-8484-D4CF0FEC7B15}.Release|Any CPU.Build.0 = Release|Any CPU
		{0DA03B43-17C8-47E7-ACDF-EE31557FF50C}.Debug|Any CPU.ActiveCfg = Debug|Any CPU
		{0DA03B43-17C8-47E7-ACDF-EE31557FF50C}.Debug|Any CPU.Build.0 = Debug|Any CPU
		{0DA03B43-17C8-47E7-ACDF-EE31557FF50C}.Release|Any CPU.ActiveCfg = Release|Any CPU
		{0DA03B43-17C8-47E7-ACDF-EE31557FF50C}.Release|Any CPU.Build.0 = Release|Any CPU
		{C4A53D7D-51AB-4DF1-8D6F-E64FA4240BF5}.Debug|Any CPU.ActiveCfg = Debug|Any CPU
		{C4A53D7D-51AB-4DF1-8D6F-E64FA4240BF5}.Debug|Any CPU.Build.0 = Debug|Any CPU
		{C4A53D7D-51AB-4DF1-8D6F-E64FA4240BF5}.Release|Any CPU.ActiveCfg = Release|Any CPU
		{C4A53D7D-51AB-4DF1-8D6F-E64FA4240BF5}.Release|Any CPU.Build.0 = Release|Any CPU
	EndGlobalSection
	GlobalSection(SolutionProperties) = preSolution
		HideSolutionNode = FALSE
	EndGlobalSection
	GlobalSection(NestedProjects) = preSolution
		{42D5CD8A-58B8-4AAD-A940-4D878326248D} = {6FA536DF-0550-4A99-8994-9BC6E578351F}
		{1603E4AA-2D40-45D7-8BFC-F51B7D2D2A94} = {D5866898-83A2-4956-BEAF-4D65D9E90DD1}
		{4ED4013D-62E5-4F31-8213-542635F43B63} = {D5866898-83A2-4956-BEAF-4D65D9E90DD1}
		{94BBAFC0-E1FD-48DC-9925-BFDC7022BA7F} = {D5866898-83A2-4956-BEAF-4D65D9E90DD1}
		{A6B4055C-16A0-4D8E-8484-D4CF0FEC7B15} = {D5866898-83A2-4956-BEAF-4D65D9E90DD1}
	EndGlobalSection
	GlobalSection(ExtensibilityGlobals) = postSolution
		SolutionGuid = {D8FEA429-0100-4643-B6C8-9B2B38565452}
	EndGlobalSection
EndGlobal
